
Microsoft Visual Studio Solution File, Format Version 12.00
# Visual Studio Version 16
VisualStudioVersion = 16.0.30413.136
MinimumVisualStudioVersion = 10.0.40219.1
Project("{FAE04EC0-301F-11D3-BF4B-00C04F79EFBC}") = "FreshNews", "FreshNews\FreshNews.csproj", "{9397FD40-3F3B-4538-BE6F-BBB85195A821}"
EndProject
Global
	GlobalSection(SolutionConfigurationPlatforms) = preSolution
		Debug|Any CPU = Debug|Any CPU
		Release|Any CPU = Release|Any CPU
	EndGlobalSection
	GlobalSection(ProjectConfigurationPlatforms) = postSolution
		{9397FD40-3F3B-4538-BE6F-BBB85195A821}.Debug|Any CPU.ActiveCfg = Debug|Any CPU
		{9397FD40-3F3B-4538-BE6F-BBB85195A821}.Debug|Any CPU.Build.0 = Debug|Any CPU
		{9397FD40-3F3B-4538-BE6F-BBB85195A821}.Release|Any CPU.ActiveCfg = Release|Any CPU
		{9397FD40-3F3B-4538-BE6F-BBB85195A821}.Release|Any CPU.Build.0 = Release|Any CPU
	EndGlobalSection
	GlobalSection(SolutionProperties) = preSolution
		HideSolutionNode = FALSE
	EndGlobalSection
	GlobalSection(ExtensibilityGlobals) = postSolution
		SolutionGuid = {7C427AEC-2D68-4CE1-AD09-8DEF36447CE8}
	EndGlobalSection
EndGlobal
